// !$*UTF8*$!
{
	archiveVersion = 1;
	classes = {
	};
	objectVersion = 56;
	objects = {

/* Begin PBXBuildFile section */
		93699CD52A1DE2BF0056E1E3 /* AppDelegate.swift in Sources */ = {isa = PBXBuildFile; fileRef = 93699CD42A1DE2BF0056E1E3 /* AppDelegate.swift */; };
		93699CD72A1DE2BF0056E1E3 /* SceneDelegate.swift in Sources */ = {isa = PBXBuildFile; fileRef = 93699CD62A1DE2BF0056E1E3 /* SceneDelegate.swift */; };
		93699CD92A1DE2BF0056E1E3 /* TaskListViewController.swift in Sources */ = {isa = PBXBuildFile; fileRef = 93699CD82A1DE2BF0056E1E3 /* TaskListViewController.swift */; };
		93699CDC2A1DE2BF0056E1E3 /* Main.storyboard in Resources */ = {isa = PBXBuildFile; fileRef = 93699CDA2A1DE2BF0056E1E3 /* Main.storyboard */; };
		93699CDE2A1DE2C20056E1E3 /* Assets.xcassets in Resources */ = {isa = PBXBuildFile; fileRef = 93699CDD2A1DE2C20056E1E3 /* Assets.xcassets */; };
		93699CE12A1DE2C20056E1E3 /* LaunchScreen.storyboard in Resources */ = {isa = PBXBuildFile; fileRef = 93699CDF2A1DE2C20056E1E3 /* LaunchScreen.storyboard */; };
		93699CEA2A1DE4040056E1E3 /* Realm in Frameworks */ = {isa = PBXBuildFile; productRef = 93699CE92A1DE4040056E1E3 /* Realm */; };
		93699CEC2A1DE4040056E1E3 /* RealmSwift in Frameworks */ = {isa = PBXBuildFile; productRef = 93699CEB2A1DE4040056E1E3 /* RealmSwift */; };
		93699CF52A1DE6200056E1E3 /* TasksViewController.swift in Sources */ = {isa = PBXBuildFile; fileRef = 93699CF42A1DE6200056E1E3 /* TasksViewController.swift */; };
/* End PBXBuildFile section */

/* Begin PBXFileReference section */
		93699CD12A1DE2BF0056E1E3 /* TaskListApp Realm.app */ = {isa = PBXFileReference; explicitFileType = wrapper.application; includeInIndex = 0; path = "TaskListApp Realm.app"; sourceTree = BUILT_PRODUCTS_DIR; };
		93699CD42A1DE2BF0056E1E3 /* AppDelegate.swift */ = {isa = PBXFileReference; lastKnownFileType = sourcecode.swift; path = AppDelegate.swift; sourceTree = "<group>"; };
		93699CD62A1DE2BF0056E1E3 /* SceneDelegate.swift */ = {isa = PBXFileReference; lastKnownFileType = sourcecode.swift; path = SceneDelegate.swift; sourceTree = "<group>"; };
		93699CD82A1DE2BF0056E1E3 /* TaskListViewController.swift */ = {isa = PBXFileReference; lastKnownFileType = sourcecode.swift; path = TaskListViewController.swift; sourceTree = "<group>"; };
		93699CDB2A1DE2BF0056E1E3 /* Base */ = {isa = PBXFileReference; lastKnownFileType = file.storyboard; name = Base; path = Base.lproj/Main.storyboard; sourceTree = "<group>"; };
		93699CDD2A1DE2C20056E1E3 /* Assets.xcassets */ = {isa = PBXFileReference; lastKnownFileType = folder.assetcatalog; path = Assets.xcassets; sourceTree = "<group>"; };
		93699CE02A1DE2C20056E1E3 /* Base */ = {isa = PBXFileReference; lastKnownFileType = file.storyboard; name = Base; path = Base.lproj/LaunchScreen.storyboard; sourceTree = "<group>"; };
		93699CE22A1DE2C20056E1E3 /* Info.plist */ = {isa = PBXFileReference; lastKnownFileType = text.plist.xml; path = Info.plist; sourceTree = "<group>"; };
		93699CF42A1DE6200056E1E3 /* TasksViewController.swift */ = {isa = PBXFileReference; lastKnownFileType = sourcecode.swift; path = TasksViewController.swift; sourceTree = "<group>"; };
/* End PBXFileReference section */

/* Begin PBXFrameworksBuildPhase section */
		93699CCE2A1DE2BF0056E1E3 /* Frameworks */ = {
			isa = PBXFrameworksBuildPhase;
			buildActionMask = 2147483647;
			files = (
				93699CEC2A1DE4040056E1E3 /* RealmSwift in Frameworks */,
				93699CEA2A1DE4040056E1E3 /* Realm in Frameworks */,
			);
			runOnlyForDeploymentPostprocessing = 0;
		};
/* End PBXFrameworksBuildPhase section */

/* Begin PBXGroup section */
		93699CC82A1DE2BF0056E1E3 = {
			isa = PBXGroup;
			children = (
				93699CD32A1DE2BF0056E1E3 /* TaskListApp Realm */,
				93699CD22A1DE2BF0056E1E3 /* Products */,
			);
			sourceTree = "<group>";
		};
		93699CD22A1DE2BF0056E1E3 /* Products */ = {
			isa = PBXGroup;
			children = (
				93699CD12A1DE2BF0056E1E3 /* TaskListApp Realm.app */,
			);
			name = Products;
			sourceTree = "<group>";
		};
		93699CD32A1DE2BF0056E1E3 /* TaskListApp Realm */ = {
			isa = PBXGroup;
			children = (
				93699CF32A1DE4BE0056E1E3 /* Resources */,
				93699CF22A1DE4B80056E1E3 /* Apps */,
				93699CF12A1DE4A90056E1E3 /* Storyboards */,
				93699CF02A1DE4A00056E1E3 /* Services */,
				93699CEF2A1DE4960056E1E3 /* Models */,
				93699CEE2A1DE48A0056E1E3 /* Factories */,
				93699CED2A1DE47C0056E1E3 /* ViewControllers */,
			);
			path = "TaskListApp Realm";
			sourceTree = "<group>";
		};
		93699CED2A1DE47C0056E1E3 /* ViewControllers */ = {
			isa = PBXGroup;
			children = (
				93699CF42A1DE6200056E1E3 /* TasksViewController.swift */,
				93699CD82A1DE2BF0056E1E3 /* TaskListViewController.swift */,
			);
			path = ViewControllers;
			sourceTree = "<group>";
		};
		93699CEE2A1DE48A0056E1E3 /* Factories */ = {
			isa = PBXGroup;
			children = (
			);
			path = Factories;
			sourceTree = "<group>";
		};
		93699CEF2A1DE4960056E1E3 /* Models */ = {
			isa = PBXGroup;
			children = (
			);
			path = Models;
			sourceTree = "<group>";
		};
		93699CF02A1DE4A00056E1E3 /* Services */ = {
			isa = PBXGroup;
			children = (
			);
			path = Services;
			sourceTree = "<group>";
		};
		93699CF12A1DE4A90056E1E3 /* Storyboards */ = {
			isa = PBXGroup;
			children = (
				93699CDA2A1DE2BF0056E1E3 /* Main.storyboard */,
				93699CDF2A1DE2C20056E1E3 /* LaunchScreen.storyboard */,
			);
			path = Storyboards;
			sourceTree = "<group>";
		};
		93699CF22A1DE4B80056E1E3 /* Apps */ = {
			isa = PBXGroup;
			children = (
				93699CD62A1DE2BF0056E1E3 /* SceneDelegate.swift */,
				93699CD42A1DE2BF0056E1E3 /* AppDelegate.swift */,
				93699CE22A1DE2C20056E1E3 /* Info.plist */,
			);
			path = Apps;
			sourceTree = "<group>";
		};
		93699CF32A1DE4BE0056E1E3 /* Resources */ = {
			isa = PBXGroup;
			children = (
				93699CDD2A1DE2C20056E1E3 /* Assets.xcassets */,
			);
			path = Resources;
			sourceTree = "<group>";
		};
/* End PBXGroup section */

/* Begin PBXNativeTarget section */
		93699CD02A1DE2BF0056E1E3 /* TaskListApp Realm */ = {
			isa = PBXNativeTarget;
			buildConfigurationList = 93699CE52A1DE2C20056E1E3 /* Build configuration list for PBXNativeTarget "TaskListApp Realm" */;
			buildPhases = (
				93699CCD2A1DE2BF0056E1E3 /* Sources */,
				93699CCE2A1DE2BF0056E1E3 /* Frameworks */,
				93699CCF2A1DE2BF0056E1E3 /* Resources */,
			);
			buildRules = (
			);
			dependencies = (
			);
			name = "TaskListApp Realm";
			packageProductDependencies = (
				93699CE92A1DE4040056E1E3 /* Realm */,
				93699CEB2A1DE4040056E1E3 /* RealmSwift */,
			);
			productName = "TaskListApp Realm";
			productReference = 93699CD12A1DE2BF0056E1E3 /* TaskListApp Realm.app */;
			productType = "com.apple.product-type.application";
		};
/* End PBXNativeTarget section */

/* Begin PBXProject section */
		93699CC92A1DE2BF0056E1E3 /* Project object */ = {
			isa = PBXProject;
			attributes = {
				BuildIndependentTargetsInParallel = 1;
				LastSwiftUpdateCheck = 1430;
				LastUpgradeCheck = 1430;
				TargetAttributes = {
					93699CD02A1DE2BF0056E1E3 = {
						CreatedOnToolsVersion = 14.3;
					};
				};
			};
			buildConfigurationList = 93699CCC2A1DE2BF0056E1E3 /* Build configuration list for PBXProject "TaskListApp Realm" */;
			compatibilityVersion = "Xcode 14.0";
			developmentRegion = en;
			hasScannedForEncodings = 0;
			knownRegions = (
				en,
				Base,
			);
			mainGroup = 93699CC82A1DE2BF0056E1E3;
			packageReferences = (
				93699CE82A1DE4040056E1E3 /* XCRemoteSwiftPackageReference "realm-swift" */,
			);
			productRefGroup = 93699CD22A1DE2BF0056E1E3 /* Products */;
			projectDirPath = "";
			projectRoot = "";
			targets = (
				93699CD02A1DE2BF0056E1E3 /* TaskListApp Realm */,
			);
		};
/* End PBXProject section */

/* Begin PBXResourcesBuildPhase section */
		93699CCF2A1DE2BF0056E1E3 /* Resources */ = {
			isa = PBXResourcesBuildPhase;
			buildActionMask = 2147483647;
			files = (
				93699CE12A1DE2C20056E1E3 /* LaunchScreen.storyboard in Resources */,
				93699CDE2A1DE2C20056E1E3 /* Assets.xcassets in Resources */,
				93699CDC2A1DE2BF0056E1E3 /* Main.storyboard in Resources */,
			);
			runOnlyForDeploymentPostprocessing = 0;
		};
/* End PBXResourcesBuildPhase section */

/* Begin PBXSourcesBuildPhase section */
		93699CCD2A1DE2BF0056E1E3 /* Sources */ = {
			isa = PBXSourcesBuildPhase;
			buildActionMask = 2147483647;
			files = (
				93699CD92A1DE2BF0056E1E3 /* TaskListViewController.swift in Sources */,
				93699CF52A1DE6200056E1E3 /* TasksViewController.swift in Sources */,
				93699CD52A1DE2BF0056E1E3 /* AppDelegate.swift in Sources */,
				93699CD72A1DE2BF0056E1E3 /* SceneDelegate.swift in Sources */,
			);
			runOnlyForDeploymentPostprocessing = 0;
		};
/* End PBXSourcesBuildPhase section */

/* Begin PBXVariantGroup section */
		93699CDA2A1DE2BF0056E1E3 /* Main.storyboard */ = {
			isa = PBXVariantGroup;
			children = (
				93699CDB2A1DE2BF0056E1E3 /* Base */,
			);
			name = Main.storyboard;
			sourceTree = "<group>";
		};
		93699CDF2A1DE2C20056E1E3 /* LaunchScreen.storyboard */ = {
			isa = PBXVariantGroup;
			children = (
				93699CE02A1DE2C20056E1E3 /* Base */,
			);
			name = LaunchScreen.storyboard;
			sourceTree = "<group>";
		};
/* End PBXVariantGroup section */

/* Begin XCBuildConfiguration section */
		93699CE32A1DE2C20056E1E3 /* Debug */ = {
			isa = XCBuildConfiguration;
			buildSettings = {
				ALWAYS_SEARCH_USER_PATHS = NO;
				CLANG_ANALYZER_NONNULL = YES;
				CLANG_ANALYZER_NUMBER_OBJECT_CONVERSION = YES_AGGRESSIVE;
				CLANG_CXX_LANGUAGE_STANDARD = "gnu++20";
				CLANG_ENABLE_MODULES = YES;
				CLANG_ENABLE_OBJC_ARC = YES;
				CLANG_ENABLE_OBJC_WEAK = YES;
				CLANG_WARN_BLOCK_CAPTURE_AUTORELEASING = YES;
				CLANG_WARN_BOOL_CONVERSION = YES;
				CLANG_WARN_COMMA = YES;
				CLANG_WARN_CONSTANT_CONVERSION = YES;
				CLANG_WARN_DEPRECATED_OBJC_IMPLEMENTATIONS = YES;
				CLANG_WARN_DIRECT_OBJC_ISA_USAGE = YES_ERROR;
				CLANG_WARN_DOCUMENTATION_COMMENTS = YES;
				CLANG_WARN_EMPTY_BODY = YES;
				CLANG_WARN_ENUM_CONVERSION = YES;
				CLANG_WARN_INFINITE_RECURSION = YES;
				CLANG_WARN_INT_CONVERSION = YES;
				CLANG_WARN_NON_LITERAL_NULL_CONVERSION = YES;
				CLANG_WARN_OBJC_IMPLICIT_RETAIN_SELF = YES;
				CLANG_WARN_OBJC_LITERAL_CONVERSION = YES;
				CLANG_WARN_OBJC_ROOT_CLASS = YES_ERROR;
				CLANG_WARN_QUOTED_INCLUDE_IN_FRAMEWORK_HEADER = YES;
				CLANG_WARN_RANGE_LOOP_ANALYSIS = YES;
				CLANG_WARN_STRICT_PROTOTYPES = YES;
				CLANG_WARN_SUSPICIOUS_MOVE = YES;
				CLANG_WARN_UNGUARDED_AVAILABILITY = YES_AGGRESSIVE;
				CLANG_WARN_UNREACHABLE_CODE = YES;
				CLANG_WARN__DUPLICATE_METHOD_MATCH = YES;
				COPY_PHASE_STRIP = NO;
				DEBUG_INFORMATION_FORMAT = dwarf;
				ENABLE_STRICT_OBJC_MSGSEND = YES;
				ENABLE_TESTABILITY = YES;
				GCC_C_LANGUAGE_STANDARD = gnu11;
				GCC_DYNAMIC_NO_PIC = NO;
				GCC_NO_COMMON_BLOCKS = YES;
				GCC_OPTIMIZATION_LEVEL = 0;
				GCC_PREPROCESSOR_DEFINITIONS = (
					"DEBUG=1",
					"$(inherited)",
				);
				GCC_WARN_64_TO_32_BIT_CONVERSION = YES;
				GCC_WARN_ABOUT_RETURN_TYPE = YES_ERROR;
				GCC_WARN_UNDECLARED_SELECTOR = YES;
				GCC_WARN_UNINITIALIZED_AUTOS = YES_AGGRESSIVE;
				GCC_WARN_UNUSED_FUNCTION = YES;
				GCC_WARN_UNUSED_VARIABLE = YES;
				IPHONEOS_DEPLOYMENT_TARGET = 16.4;
				MTL_ENABLE_DEBUG_INFO = INCLUDE_SOURCE;
				MTL_FAST_MATH = YES;
				ONLY_ACTIVE_ARCH = YES;
				SDKROOT = iphoneos;
				SWIFT_ACTIVE_COMPILATION_CONDITIONS = DEBUG;
				SWIFT_OPTIMIZATION_LEVEL = "-Onone";
			};
			name = Debug;
		};
		93699CE42A1DE2C20056E1E3 /* Release */ = {
			isa = XCBuildConfiguration;
			buildSettings = {
				ALWAYS_SEARCH_USER_PATHS = NO;
				CLANG_ANALYZER_NONNULL = YES;
				CLANG_ANALYZER_NUMBER_OBJECT_CONVERSION = YES_AGGRESSIVE;
				CLANG_CXX_LANGUAGE_STANDARD = "gnu++20";
				CLANG_ENABLE_MODULES = YES;
				CLANG_ENABLE_OBJC_ARC = YES;
				CLANG_ENABLE_OBJC_WEAK = YES;
				CLANG_WARN_BLOCK_CAPTURE_AUTORELEASING = YES;
				CLANG_WARN_BOOL_CONVERSION = YES;
				CLANG_WARN_COMMA = YES;
				CLANG_WARN_CONSTANT_CONVERSION = YES;
				CLANG_WARN_DEPRECATED_OBJC_IMPLEMENTATIONS = YES;
				CLANG_WARN_DIRECT_OBJC_ISA_USAGE = YES_ERROR;
				CLANG_WARN_DOCUMENTATION_COMMENTS = YES;
				CLANG_WARN_EMPTY_BODY = YES;
				CLANG_WARN_ENUM_CONVERSION = YES;
				CLANG_WARN_INFINITE_RECURSION = YES;
				CLANG_WARN_INT_CONVERSION = YES;
				CLANG_WARN_NON_LITERAL_NULL_CONVERSION = YES;
				CLANG_WARN_OBJC_IMPLICIT_RETAIN_SELF = YES;
				CLANG_WARN_OBJC_LITERAL_CONVERSION = YES;
				CLANG_WARN_OBJC_ROOT_CLASS = YES_ERROR;
				CLANG_WARN_QUOTED_INCLUDE_IN_FRAMEWORK_HEADER = YES;
				CLANG_WARN_RANGE_LOOP_ANALYSIS = YES;
				CLANG_WARN_STRICT_PROTOTYPES = YES;
				CLANG_WARN_SUSPICIOUS_MOVE = YES;
				CLANG_WARN_UNGUARDED_AVAILABILITY = YES_AGGRESSIVE;
				CLANG_WARN_UNREACHABLE_CODE = YES;
				CLANG_WARN__DUPLICATE_METHOD_MATCH = YES;
				COPY_PHASE_STRIP = NO;
				DEBUG_INFORMATION_FORMAT = "dwarf-with-dsym";
				ENABLE_NS_ASSERTIONS = NO;
				ENABLE_STRICT_OBJC_MSGSEND = YES;
				GCC_C_LANGUAGE_STANDARD = gnu11;
				GCC_NO_COMMON_BLOCKS = YES;
				GCC_WARN_64_TO_32_BIT_CONVERSION = YES;
				GCC_WARN_ABOUT_RETURN_TYPE = YES_ERROR;
				GCC_WARN_UNDECLARED_SELECTOR = YES;
				GCC_WARN_UNINITIALIZED_AUTOS = YES_AGGRESSIVE;
				GCC_WARN_UNUSED_FUNCTION = YES;
				GCC_WARN_UNUSED_VARIABLE = YES;
				IPHONEOS_DEPLOYMENT_TARGET = 16.4;
				MTL_ENABLE_DEBUG_INFO = NO;
				MTL_FAST_MATH = YES;
				SDKROOT = iphoneos;
				SWIFT_COMPILATION_MODE = wholemodule;
				SWIFT_OPTIMIZATION_LEVEL = "-O";
				VALIDATE_PRODUCT = YES;
			};
			name = Release;
		};
		93699CE62A1DE2C20056E1E3 /* Debug */ = {
			isa = XCBuildConfiguration;
			buildSettings = {
				ASSETCATALOG_COMPILER_APPICON_NAME = AppIcon;
				ASSETCATALOG_COMPILER_GLOBAL_ACCENT_COLOR_NAME = AccentColor;
				CODE_SIGN_STYLE = Automatic;
				CURRENT_PROJECT_VERSION = 1;
				DEVELOPMENT_TEAM = 7PMP3UQ276;
				GENERATE_INFOPLIST_FILE = YES;
				INFOPLIST_FILE = "TaskListApp Realm/Info.plist";
				INFOPLIST_KEY_UIApplicationSupportsIndirectInputEvents = YES;
				INFOPLIST_KEY_UILaunchStoryboardName = LaunchScreen;
				INFOPLIST_KEY_UIMainStoryboardFile = Main;
				INFOPLIST_KEY_UISupportedInterfaceOrientations = UIInterfaceOrientationPortrait;
				INFOPLIST_KEY_UISupportedInterfaceOrientations_iPad = "UIInterfaceOrientationLandscapeLeft UIInterfaceOrientationLandscapeRight UIInterfaceOrientationPortrait UIInterfaceOrientationPortraitUpsideDown";
				LD_RUNPATH_SEARCH_PATHS = (
					"$(inherited)",
					"@executable_path/Frameworks",
				);
				MARKETING_VERSION = 1.0;
				PRODUCT_BUNDLE_IDENTIFIER = "ru.swiftbook.TaskListApp-Realm";
				PRODUCT_NAME = "$(TARGET_NAME)";
				SUPPORTED_PLATFORMS = "iphoneos iphonesimulator";
				SUPPORTS_MACCATALYST = NO;
				SUPPORTS_MAC_DESIGNED_FOR_IPHONE_IPAD = NO;
				SWIFT_EMIT_LOC_STRINGS = YES;
				SWIFT_VERSION = 5.0;
				TARGETED_DEVICE_FAMILY = 1;
			};
			name = Debug;
		};
		93699CE72A1DE2C20056E1E3 /* Release */ = {
			isa = XCBuildConfiguration;
			buildSettings = {
				ASSETCATALOG_COMPILER_APPICON_NAME = AppIcon;
				ASSETCATALOG_COMPILER_GLOBAL_ACCENT_COLOR_NAME = AccentColor;
				CODE_SIGN_STYLE = Automatic;
				CURRENT_PROJECT_VERSION = 1;
				DEVELOPMENT_TEAM = 7PMP3UQ276;
				GENERATE_INFOPLIST_FILE = YES;
				INFOPLIST_FILE = "TaskListApp Realm/Info.plist";
				INFOPLIST_KEY_UIApplicationSupportsIndirectInputEvents = YES;
				INFOPLIST_KEY_UILaunchStoryboardName = LaunchScreen;
				INFOPLIST_KEY_UIMainStoryboardFile = Main;
				INFOPLIST_KEY_UISupportedInterfaceOrientations = UIInterfaceOrientationPortrait;
				INFOPLIST_KEY_UISupportedInterfaceOrientations_iPad = "UIInterfaceOrientationLandscapeLeft UIInterfaceOrientationLandscapeRight UIInterfaceOrientationPortrait UIInterfaceOrientationPortraitUpsideDown";
				LD_RUNPATH_SEARCH_PATHS = (
					"$(inherited)",
					"@executable_path/Frameworks",
				);
				MARKETING_VERSION = 1.0;
				PRODUCT_BUNDLE_IDENTIFIER = "ru.swiftbook.TaskListApp-Realm";
				PRODUCT_NAME = "$(TARGET_NAME)";
				SUPPORTED_PLATFORMS = "iphoneos iphonesimulator";
				SUPPORTS_MACCATALYST = NO;
				SUPPORTS_MAC_DESIGNED_FOR_IPHONE_IPAD = NO;
				SWIFT_EMIT_LOC_STRINGS = YES;
				SWIFT_VERSION = 5.0;
				TARGETED_DEVICE_FAMILY = 1;
			};
			name = Release;
		};
/* End XCBuildConfiguration section */

/* Begin XCConfigurationList section */
		93699CCC2A1DE2BF0056E1E3 /* Build configuration list for PBXProject "TaskListApp Realm" */ = {
			isa = XCConfigurationList;
			buildConfigurations = (
				93699CE32A1DE2C20056E1E3 /* Debug */,
				93699CE42A1DE2C20056E1E3 /* Release */,
			);
			defaultConfigurationIsVisible = 0;
			defaultConfigurationName = Release;
		};
		93699CE52A1DE2C20056E1E3 /* Build configuration list for PBXNativeTarget "TaskListApp Realm" */ = {
			isa = XCConfigurationList;
			buildConfigurations = (
				93699CE62A1DE2C20056E1E3 /* Debug */,
				93699CE72A1DE2C20056E1E3 /* Release */,
			);
			defaultConfigurationIsVisible = 0;
			defaultConfigurationName = Release;
		};
/* End XCConfigurationList section */

/* Begin XCRemoteSwiftPackageReference section */
		93699CE82A1DE4040056E1E3 /* XCRemoteSwiftPackageReference "realm-swift" */ = {
			isa = XCRemoteSwiftPackageReference;
			repositoryURL = "https://github.com/realm/realm-swift.git";
			requirement = {
				branch = master;
				kind = branch;
			};
		};
/* End XCRemoteSwiftPackageReference section */

/* Begin XCSwiftPackageProductDependency section */
		93699CE92A1DE4040056E1E3 /* Realm */ = {
			isa = XCSwiftPackageProductDependency;
			package = 93699CE82A1DE4040056E1E3 /* XCRemoteSwiftPackageReference "realm-swift" */;
			productName = Realm;
		};
		93699CEB2A1DE4040056E1E3 /* RealmSwift */ = {
			isa = XCSwiftPackageProductDependency;
			package = 93699CE82A1DE4040056E1E3 /* XCRemoteSwiftPackageReference "realm-swift" */;
			productName = RealmSwift;
		};
/* End XCSwiftPackageProductDependency section */
	};
	rootObject = 93699CC92A1DE2BF0056E1E3 /* Project object */;
}
